// !$*UTF8*$!
{
	archiveVersion = 1;
	classes = {
	};
	objectVersion = 51;
	objects = {

/* Begin PBXBuildFile section */
		6206D3C02536174D00ED9328 /* MatchesDataViewController.swift in Sources */ = {isa = PBXBuildFile; fileRef = 6206D3BF2536174D00ED9328 /* MatchesDataViewController.swift */; };
		6206D3C12536174D00ED9328 /* MatchesDataViewController.swift in Sources */ = {isa = PBXBuildFile; fileRef = 6206D3BF2536174D00ED9328 /* MatchesDataViewController.swift */; };
		6206D3C22536174D00ED9328 /* MatchesDataViewController.swift in Sources */ = {isa = PBXBuildFile; fileRef = 6206D3BF2536174D00ED9328 /* MatchesDataViewController.swift */; };
		6206D41025363C5400ED9328 /* TeamDataProvider.swift in Sources */ = {isa = PBXBuildFile; fileRef = 6206D40F25363C5400ED9328 /* TeamDataProvider.swift */; };
		6206D41125363C5400ED9328 /* TeamDataProvider.swift in Sources */ = {isa = PBXBuildFile; fileRef = 6206D40F25363C5400ED9328 /* TeamDataProvider.swift */; };
		6206D41225363C5400ED9328 /* TeamDataProvider.swift in Sources */ = {isa = PBXBuildFile; fileRef = 6206D40F25363C5400ED9328 /* TeamDataProvider.swift */; };
		6206D41725363D2000ED9328 /* MatchRequest.swift in Sources */ = {isa = PBXBuildFile; fileRef = 6206D41625363D2000ED9328 /* MatchRequest.swift */; };
		6206D41825363D2000ED9328 /* MatchRequest.swift in Sources */ = {isa = PBXBuildFile; fileRef = 6206D41625363D2000ED9328 /* MatchRequest.swift */; };
		6206D41925363D2000ED9328 /* MatchRequest.swift in Sources */ = {isa = PBXBuildFile; fileRef = 6206D41625363D2000ED9328 /* MatchRequest.swift */; };
		6206D41E25363DC300ED9328 /* Match.swift in Sources */ = {isa = PBXBuildFile; fileRef = 6206D41D25363DC300ED9328 /* Match.swift */; };
		6206D41F25363DC300ED9328 /* Match.swift in Sources */ = {isa = PBXBuildFile; fileRef = 6206D41D25363DC300ED9328 /* Match.swift */; };
		6206D42025363DC300ED9328 /* Match.swift in Sources */ = {isa = PBXBuildFile; fileRef = 6206D41D25363DC300ED9328 /* Match.swift */; };
		6206D42525363E5400ED9328 /* MatchRestDataClient.swift in Sources */ = {isa = PBXBuildFile; fileRef = 6206D42425363E5400ED9328 /* MatchRestDataClient.swift */; };
		6206D42625363E5400ED9328 /* MatchRestDataClient.swift in Sources */ = {isa = PBXBuildFile; fileRef = 6206D42425363E5400ED9328 /* MatchRestDataClient.swift */; };
		6206D42725363E5400ED9328 /* MatchRestDataClient.swift in Sources */ = {isa = PBXBuildFile; fileRef = 6206D42425363E5400ED9328 /* MatchRestDataClient.swift */; };
		6206D42C25363FA800ED9328 /* MatchDataProvider.swift in Sources */ = {isa = PBXBuildFile; fileRef = 6206D42B25363FA800ED9328 /* MatchDataProvider.swift */; };
		6206D42D25363FA800ED9328 /* MatchDataProvider.swift in Sources */ = {isa = PBXBuildFile; fileRef = 6206D42B25363FA800ED9328 /* MatchDataProvider.swift */; };
		6206D42E25363FA800ED9328 /* MatchDataProvider.swift in Sources */ = {isa = PBXBuildFile; fileRef = 6206D42B25363FA800ED9328 /* MatchDataProvider.swift */; };
		6216F041252CCA060091D6B6 /* UIViewExtension.swift in Sources */ = {isa = PBXBuildFile; fileRef = 6216F040252CCA060091D6B6 /* UIViewExtension.swift */; };
		6216F042252CCA060091D6B6 /* UIViewExtension.swift in Sources */ = {isa = PBXBuildFile; fileRef = 6216F040252CCA060091D6B6 /* UIViewExtension.swift */; };
		6216F043252CCA060091D6B6 /* UIViewExtension.swift in Sources */ = {isa = PBXBuildFile; fileRef = 6216F040252CCA060091D6B6 /* UIViewExtension.swift */; };
		6216F04C252CCAF80091D6B6 /* FCJLabel.swift in Sources */ = {isa = PBXBuildFile; fileRef = 6216F04B252CCAF80091D6B6 /* FCJLabel.swift */; };
		6216F04D252CCAF80091D6B6 /* FCJLabel.swift in Sources */ = {isa = PBXBuildFile; fileRef = 6216F04B252CCAF80091D6B6 /* FCJLabel.swift */; };
		6216F04E252CCAF80091D6B6 /* FCJLabel.swift in Sources */ = {isa = PBXBuildFile; fileRef = 6216F04B252CCAF80091D6B6 /* FCJLabel.swift */; };
		6216F056252CCE890091D6B6 /* BaseViewController.swift in Sources */ = {isa = PBXBuildFile; fileRef = 6216F055252CCE890091D6B6 /* BaseViewController.swift */; };
		6216F057252CCE890091D6B6 /* BaseViewController.swift in Sources */ = {isa = PBXBuildFile; fileRef = 6216F055252CCE890091D6B6 /* BaseViewController.swift */; };
		6216F058252CCE890091D6B6 /* BaseViewController.swift in Sources */ = {isa = PBXBuildFile; fileRef = 6216F055252CCE890091D6B6 /* BaseViewController.swift */; };
		6226BAD6253470880009779B /* BaseDataController.swift in Sources */ = {isa = PBXBuildFile; fileRef = 6226BAD5253470880009779B /* BaseDataController.swift */; };
		6226BAD7253470880009779B /* BaseDataController.swift in Sources */ = {isa = PBXBuildFile; fileRef = 6226BAD5253470880009779B /* BaseDataController.swift */; };
		6226BAD8253470880009779B /* BaseDataController.swift in Sources */ = {isa = PBXBuildFile; fileRef = 6226BAD5253470880009779B /* BaseDataController.swift */; };
		6226BAE9253472C80009779B /* DataProvider.swift in Sources */ = {isa = PBXBuildFile; fileRef = 6226BAE8253472C80009779B /* DataProvider.swift */; };
		6226BAEA253472C80009779B /* DataProvider.swift in Sources */ = {isa = PBXBuildFile; fileRef = 6226BAE8253472C80009779B /* DataProvider.swift */; };
		6226BAEB253472C80009779B /* DataProvider.swift in Sources */ = {isa = PBXBuildFile; fileRef = 6226BAE8253472C80009779B /* DataProvider.swift */; };
		6226BAF3253472F70009779B /* BaseRestDataClient.swift in Sources */ = {isa = PBXBuildFile; fileRef = 6226BAF2253472F70009779B /* BaseRestDataClient.swift */; };
		6226BAF4253472F70009779B /* BaseRestDataClient.swift in Sources */ = {isa = PBXBuildFile; fileRef = 6226BAF2253472F70009779B /* BaseRestDataClient.swift */; };
		6226BAF5253472F70009779B /* BaseRestDataClient.swift in Sources */ = {isa = PBXBuildFile; fileRef = 6226BAF2253472F70009779B /* BaseRestDataClient.swift */; };
		6226BAFB253473530009779B /* ErrorResponse.swift in Sources */ = {isa = PBXBuildFile; fileRef = 6226BAFA253473530009779B /* ErrorResponse.swift */; };
		6226BAFC253473530009779B /* ErrorResponse.swift in Sources */ = {isa = PBXBuildFile; fileRef = 6226BAFA253473530009779B /* ErrorResponse.swift */; };
		6226BAFD253473530009779B /* ErrorResponse.swift in Sources */ = {isa = PBXBuildFile; fileRef = 6226BAFA253473530009779B /* ErrorResponse.swift */; };
		6226BB05253473720009779B /* Team.swift in Sources */ = {isa = PBXBuildFile; fileRef = 6226BB04253473720009779B /* Team.swift */; };
		6226BB06253473720009779B /* Team.swift in Sources */ = {isa = PBXBuildFile; fileRef = 6226BB04253473720009779B /* Team.swift */; };
		6226BB07253473720009779B /* Team.swift in Sources */ = {isa = PBXBuildFile; fileRef = 6226BB04253473720009779B /* Team.swift */; };
		6226BB0D253473B70009779B /* TeamRequest.swift in Sources */ = {isa = PBXBuildFile; fileRef = 6226BB0C253473B70009779B /* TeamRequest.swift */; };
		6226BB0E253473B70009779B /* TeamRequest.swift in Sources */ = {isa = PBXBuildFile; fileRef = 6226BB0C253473B70009779B /* TeamRequest.swift */; };
		6226BB0F253473B70009779B /* TeamRequest.swift in Sources */ = {isa = PBXBuildFile; fileRef = 6226BB0C253473B70009779B /* TeamRequest.swift */; };
		6226BB1E2534791D0009779B /* TeamRestDataClient.swift in Sources */ = {isa = PBXBuildFile; fileRef = 6226BB1D2534791D0009779B /* TeamRestDataClient.swift */; };
		6226BB1F2534791D0009779B /* TeamRestDataClient.swift in Sources */ = {isa = PBXBuildFile; fileRef = 6226BB1D2534791D0009779B /* TeamRestDataClient.swift */; };
		6226BB202534791D0009779B /* TeamRestDataClient.swift in Sources */ = {isa = PBXBuildFile; fileRef = 6226BB1D2534791D0009779B /* TeamRestDataClient.swift */; };
		6226BB2D25347E820009779B /* EncodableExtensions.swift in Sources */ = {isa = PBXBuildFile; fileRef = 6226BB2C25347E820009779B /* EncodableExtensions.swift */; };
		6226BB2E25347E820009779B /* EncodableExtensions.swift in Sources */ = {isa = PBXBuildFile; fileRef = 6226BB2C25347E820009779B /* EncodableExtensions.swift */; };
		6226BB2F25347E820009779B /* EncodableExtensions.swift in Sources */ = {isa = PBXBuildFile; fileRef = 6226BB2C25347E820009779B /* EncodableExtensions.swift */; };
		6226BB3425347EB20009779B /* StringExtensions.swift in Sources */ = {isa = PBXBuildFile; fileRef = 6226BB3325347EB20009779B /* StringExtensions.swift */; };
		6226BB3525347EB20009779B /* StringExtensions.swift in Sources */ = {isa = PBXBuildFile; fileRef = 6226BB3325347EB20009779B /* StringExtensions.swift */; };
		6226BB3625347EB20009779B /* StringExtensions.swift in Sources */ = {isa = PBXBuildFile; fileRef = 6226BB3325347EB20009779B /* StringExtensions.swift */; };
		6226BB3B253492B30009779B /* FCJButton.swift in Sources */ = {isa = PBXBuildFile; fileRef = 6226BB3A253492B30009779B /* FCJButton.swift */; };
		6226BB3C253492B30009779B /* FCJButton.swift in Sources */ = {isa = PBXBuildFile; fileRef = 6226BB3A253492B30009779B /* FCJButton.swift */; };
		6226BB3D253492B30009779B /* FCJButton.swift in Sources */ = {isa = PBXBuildFile; fileRef = 6226BB3A253492B30009779B /* FCJButton.swift */; };
		6226BB42253494150009779B /* TeamsDataViewController.swift in Sources */ = {isa = PBXBuildFile; fileRef = 6226BB41253494150009779B /* TeamsDataViewController.swift */; };
		6226BB43253494150009779B /* TeamsDataViewController.swift in Sources */ = {isa = PBXBuildFile; fileRef = 6226BB41253494150009779B /* TeamsDataViewController.swift */; };
		6226BB44253494150009779B /* TeamsDataViewController.swift in Sources */ = {isa = PBXBuildFile; fileRef = 6226BB41253494150009779B /* TeamsDataViewController.swift */; };
		6226BB492534AF950009779B /* TeamsTableViewCell.swift in Sources */ = {isa = PBXBuildFile; fileRef = 6226BB482534AF950009779B /* TeamsTableViewCell.swift */; };
		6226BB4A2534AF950009779B /* TeamsTableViewCell.swift in Sources */ = {isa = PBXBuildFile; fileRef = 6226BB482534AF950009779B /* TeamsTableViewCell.swift */; };
		6226BB4B2534AF950009779B /* TeamsTableViewCell.swift in Sources */ = {isa = PBXBuildFile; fileRef = 6226BB482534AF950009779B /* TeamsTableViewCell.swift */; };
		6226BB502534BB9C0009779B /* TeamEditDataView.swift in Sources */ = {isa = PBXBuildFile; fileRef = 6226BB4F2534BB9C0009779B /* TeamEditDataView.swift */; };
		6226BB512534BB9C0009779B /* TeamEditDataView.swift in Sources */ = {isa = PBXBuildFile; fileRef = 6226BB4F2534BB9C0009779B /* TeamEditDataView.swift */; };
		6226BB522534BB9C0009779B /* TeamEditDataView.swift in Sources */ = {isa = PBXBuildFile; fileRef = 6226BB4F2534BB9C0009779B /* TeamEditDataView.swift */; };
		6226BB5F2534E1200009779B /* TeamsTableView.swift in Sources */ = {isa = PBXBuildFile; fileRef = 6226BB5E2534E1200009779B /* TeamsTableView.swift */; };
		6226BB602534E1200009779B /* TeamsTableView.swift in Sources */ = {isa = PBXBuildFile; fileRef = 6226BB5E2534E1200009779B /* TeamsTableView.swift */; };
		6226BB612534E1200009779B /* TeamsTableView.swift in Sources */ = {isa = PBXBuildFile; fileRef = 6226BB5E2534E1200009779B /* TeamsTableView.swift */; };
		6226BB782534E8E40009779B /* AddTeamView.swift in Sources */ = {isa = PBXBuildFile; fileRef = 6226BB772534E8E40009779B /* AddTeamView.swift */; };
		6226BB792534E8E40009779B /* AddTeamView.swift in Sources */ = {isa = PBXBuildFile; fileRef = 6226BB772534E8E40009779B /* AddTeamView.swift */; };
		6226BB7A2534E8E40009779B /* AddTeamView.swift in Sources */ = {isa = PBXBuildFile; fileRef = 6226BB772534E8E40009779B /* AddTeamView.swift */; };
		6226BB902535254A0009779B /* TeamDataDelegate.swift in Sources */ = {isa = PBXBuildFile; fileRef = 6226BB8F2535254A0009779B /* TeamDataDelegate.swift */; };
		6226BB912535254A0009779B /* TeamDataDelegate.swift in Sources */ = {isa = PBXBuildFile; fileRef = 6226BB8F2535254A0009779B /* TeamDataDelegate.swift */; };
		6226BB922535254A0009779B /* TeamDataDelegate.swift in Sources */ = {isa = PBXBuildFile; fileRef = 6226BB8F2535254A0009779B /* TeamDataDelegate.swift */; };
		6227E5ED2535D52E0041AE53 /* UIConstants.swift in Sources */ = {isa = PBXBuildFile; fileRef = 6227E5EC2535D52E0041AE53 /* UIConstants.swift */; };
		6227E5EE2535D52E0041AE53 /* UIConstants.swift in Sources */ = {isa = PBXBuildFile; fileRef = 6227E5EC2535D52E0041AE53 /* UIConstants.swift */; };
		6227E5EF2535D52E0041AE53 /* UIConstants.swift in Sources */ = {isa = PBXBuildFile; fileRef = 6227E5EC2535D52E0041AE53 /* UIConstants.swift */; };
		6227E5F72535D9F50041AE53 /* FCJGradientView.swift in Sources */ = {isa = PBXBuildFile; fileRef = 6227E5F62535D9F50041AE53 /* FCJGradientView.swift */; };
		6227E5F82535D9F50041AE53 /* FCJGradientView.swift in Sources */ = {isa = PBXBuildFile; fileRef = 6227E5F62535D9F50041AE53 /* FCJGradientView.swift */; };
		6227E5F92535D9F50041AE53 /* FCJGradientView.swift in Sources */ = {isa = PBXBuildFile; fileRef = 6227E5F62535D9F50041AE53 /* FCJGradientView.swift */; };
		624C317425575E8200659C05 /* CustomDecoder.swift in Sources */ = {isa = PBXBuildFile; fileRef = 624C317325575E8200659C05 /* CustomDecoder.swift */; };
		624C317525575E8200659C05 /* CustomDecoder.swift in Sources */ = {isa = PBXBuildFile; fileRef = 624C317325575E8200659C05 /* CustomDecoder.swift */; };
		624C317625575E8200659C05 /* CustomDecoder.swift in Sources */ = {isa = PBXBuildFile; fileRef = 624C317325575E8200659C05 /* CustomDecoder.swift */; };
		62529CA825310C9B00A5C8F5 /* TabBarController.swift in Sources */ = {isa = PBXBuildFile; fileRef = 62529CA725310C9B00A5C8F5 /* TabBarController.swift */; };
		62529CA925310C9B00A5C8F5 /* TabBarController.swift in Sources */ = {isa = PBXBuildFile; fileRef = 62529CA725310C9B00A5C8F5 /* TabBarController.swift */; };
		62529CAA25310C9B00A5C8F5 /* TabBarController.swift in Sources */ = {isa = PBXBuildFile; fileRef = 62529CA725310C9B00A5C8F5 /* TabBarController.swift */; };
		6268D5D8252DFABB0009D865 /* UIColorExtension.swift in Sources */ = {isa = PBXBuildFile; fileRef = 6268D5D7252DFABB0009D865 /* UIColorExtension.swift */; };
		6268D5D9252DFABB0009D865 /* UIColorExtension.swift in Sources */ = {isa = PBXBuildFile; fileRef = 6268D5D7252DFABB0009D865 /* UIColorExtension.swift */; };
		6268D5DA252DFABB0009D865 /* UIColorExtension.swift in Sources */ = {isa = PBXBuildFile; fileRef = 6268D5D7252DFABB0009D865 /* UIColorExtension.swift */; };
		6268D5E1252E00D30009D865 /* Roboto-Light.ttf in Resources */ = {isa = PBXBuildFile; fileRef = 6268D5DF252E00D20009D865 /* Roboto-Light.ttf */; };
		6268D5E2252E00D30009D865 /* Roboto-Light.ttf in Resources */ = {isa = PBXBuildFile; fileRef = 6268D5DF252E00D20009D865 /* Roboto-Light.ttf */; };
		6268D5E3252E00D30009D865 /* Roboto-Light.ttf in Resources */ = {isa = PBXBuildFile; fileRef = 6268D5DF252E00D20009D865 /* Roboto-Light.ttf */; };
		6268D5E4252E00D30009D865 /* Roboto-Bold.ttf in Resources */ = {isa = PBXBuildFile; fileRef = 6268D5E0252E00D30009D865 /* Roboto-Bold.ttf */; };
		6268D5E5252E00D30009D865 /* Roboto-Bold.ttf in Resources */ = {isa = PBXBuildFile; fileRef = 6268D5E0252E00D30009D865 /* Roboto-Bold.ttf */; };
		6268D5E6252E00D30009D865 /* Roboto-Bold.ttf in Resources */ = {isa = PBXBuildFile; fileRef = 6268D5E0252E00D30009D865 /* Roboto-Bold.ttf */; };
		6268D5EB252E01BD0009D865 /* UIFontExtension.swift in Sources */ = {isa = PBXBuildFile; fileRef = 6268D5EA252E01BD0009D865 /* UIFontExtension.swift */; };
		6268D5EC252E01BD0009D865 /* UIFontExtension.swift in Sources */ = {isa = PBXBuildFile; fileRef = 6268D5EA252E01BD0009D865 /* UIFontExtension.swift */; };
		6268D5ED252E01BD0009D865 /* UIFontExtension.swift in Sources */ = {isa = PBXBuildFile; fileRef = 6268D5EA252E01BD0009D865 /* UIFontExtension.swift */; };
		627894E8253C83920092BA21 /* HomeViewController.swift in Sources */ = {isa = PBXBuildFile; fileRef = 627894E7253C83920092BA21 /* HomeViewController.swift */; };
		627894E9253C83920092BA21 /* HomeViewController.swift in Sources */ = {isa = PBXBuildFile; fileRef = 627894E7253C83920092BA21 /* HomeViewController.swift */; };
		627894EA253C83920092BA21 /* HomeViewController.swift in Sources */ = {isa = PBXBuildFile; fileRef = 627894E7253C83920092BA21 /* HomeViewController.swift */; };
		627894F7253C84B10092BA21 /* MatchView.swift in Sources */ = {isa = PBXBuildFile; fileRef = 627894F6253C84B10092BA21 /* MatchView.swift */; };
		627894F8253C84B10092BA21 /* MatchView.swift in Sources */ = {isa = PBXBuildFile; fileRef = 627894F6253C84B10092BA21 /* MatchView.swift */; };
		627894F9253C84B10092BA21 /* MatchView.swift in Sources */ = {isa = PBXBuildFile; fileRef = 627894F6253C84B10092BA21 /* MatchView.swift */; };
		629BD0A3254E3C09001341F1 /* CompetitionRequest.swift in Sources */ = {isa = PBXBuildFile; fileRef = 629BD0A2254E3C09001341F1 /* CompetitionRequest.swift */; };
		629BD0A4254E3C09001341F1 /* CompetitionRequest.swift in Sources */ = {isa = PBXBuildFile; fileRef = 629BD0A2254E3C09001341F1 /* CompetitionRequest.swift */; };
		629BD0A5254E3C09001341F1 /* CompetitionRequest.swift in Sources */ = {isa = PBXBuildFile; fileRef = 629BD0A2254E3C09001341F1 /* CompetitionRequest.swift */; };
		629BD0AD254E3C48001341F1 /* CompetitionRestDataClient.swift in Sources */ = {isa = PBXBuildFile; fileRef = 629BD0AC254E3C48001341F1 /* CompetitionRestDataClient.swift */; };
		629BD0AE254E3C48001341F1 /* CompetitionRestDataClient.swift in Sources */ = {isa = PBXBuildFile; fileRef = 629BD0AC254E3C48001341F1 /* CompetitionRestDataClient.swift */; };
		629BD0AF254E3C48001341F1 /* CompetitionRestDataClient.swift in Sources */ = {isa = PBXBuildFile; fileRef = 629BD0AC254E3C48001341F1 /* CompetitionRestDataClient.swift */; };
		629BD0B4254E3DD0001341F1 /* CompetitionDataProvider.swift in Sources */ = {isa = PBXBuildFile; fileRef = 629BD0B3254E3DD0001341F1 /* CompetitionDataProvider.swift */; };
		629BD0B5254E3DD0001341F1 /* CompetitionDataProvider.swift in Sources */ = {isa = PBXBuildFile; fileRef = 629BD0B3254E3DD0001341F1 /* CompetitionDataProvider.swift */; };
		629BD0B6254E3DD0001341F1 /* CompetitionDataProvider.swift in Sources */ = {isa = PBXBuildFile; fileRef = 629BD0B3254E3DD0001341F1 /* CompetitionDataProvider.swift */; };
		629BD0BC254E3ED0001341F1 /* CompetitionsDataViewController.swift in Sources */ = {isa = PBXBuildFile; fileRef = 629BD0BB254E3ED0001341F1 /* CompetitionsDataViewController.swift */; };
		629BD0BD254E3ED0001341F1 /* CompetitionsDataViewController.swift in Sources */ = {isa = PBXBuildFile; fileRef = 629BD0BB254E3ED0001341F1 /* CompetitionsDataViewController.swift */; };
		629BD0BE254E3ED0001341F1 /* CompetitionsDataViewController.swift in Sources */ = {isa = PBXBuildFile; fileRef = 629BD0BB254E3ED0001341F1 /* CompetitionsDataViewController.swift */; };
		629BD0C9254E41ED001341F1 /* DateExtensions.swift in Sources */ = {isa = PBXBuildFile; fileRef = 629BD0C8254E41ED001341F1 /* DateExtensions.swift */; };
		629BD0CA254E41ED001341F1 /* DateExtensions.swift in Sources */ = {isa = PBXBuildFile; fileRef = 629BD0C8254E41ED001341F1 /* DateExtensions.swift */; };
		629BD0CB254E41ED001341F1 /* DateExtensions.swift in Sources */ = {isa = PBXBuildFile; fileRef = 629BD0C8254E41ED001341F1 /* DateExtensions.swift */; };
		62AA49B32541D1F100C021E1 /* MatchesViewController.swift in Sources */ = {isa = PBXBuildFile; fileRef = 62AA49B22541D1F100C021E1 /* MatchesViewController.swift */; };
		62AA49B42541D1F100C021E1 /* MatchesViewController.swift in Sources */ = {isa = PBXBuildFile; fileRef = 62AA49B22541D1F100C021E1 /* MatchesViewController.swift */; };
		62AA49B52541D1F100C021E1 /* MatchesViewController.swift in Sources */ = {isa = PBXBuildFile; fileRef = 62AA49B22541D1F100C021E1 /* MatchesViewController.swift */; };
		62AA49BD2541DA0700C021E1 /* MatchesTableViewCell.swift in Sources */ = {isa = PBXBuildFile; fileRef = 62AA49BC2541DA0700C021E1 /* MatchesTableViewCell.swift */; };
		62AA49BE2541DA0700C021E1 /* MatchesTableViewCell.swift in Sources */ = {isa = PBXBuildFile; fileRef = 62AA49BC2541DA0700C021E1 /* MatchesTableViewCell.swift */; };
		62AA49BF2541DA0700C021E1 /* MatchesTableViewCell.swift in Sources */ = {isa = PBXBuildFile; fileRef = 62AA49BC2541DA0700C021E1 /* MatchesTableViewCell.swift */; };
		62AF7CF6254C76BF000DCB77 /* Competition.swift in Sources */ = {isa = PBXBuildFile; fileRef = 62AF7CF5254C76BF000DCB77 /* Competition.swift */; };
		62AF7CF7254C76BF000DCB77 /* Competition.swift in Sources */ = {isa = PBXBuildFile; fileRef = 62AF7CF5254C76BF000DCB77 /* Competition.swift */; };
		62AF7CF8254C76BF000DCB77 /* Competition.swift in Sources */ = {isa = PBXBuildFile; fileRef = 62AF7CF5254C76BF000DCB77 /* Competition.swift */; };
		62AFBDE42537398700702B27 /* FCJImageView.swift in Sources */ = {isa = PBXBuildFile; fileRef = 62AFBDE32537398700702B27 /* FCJImageView.swift */; };
		62AFBDE52537398700702B27 /* FCJImageView.swift in Sources */ = {isa = PBXBuildFile; fileRef = 62AFBDE32537398700702B27 /* FCJImageView.swift */; };
		62AFBDE62537398700702B27 /* FCJImageView.swift in Sources */ = {isa = PBXBuildFile; fileRef = 62AFBDE32537398700702B27 /* FCJImageView.swift */; };
		62AFBDEB25373F5A00702B27 /* UIImageExtension.swift in Sources */ = {isa = PBXBuildFile; fileRef = 62AFBDEA25373F5A00702B27 /* UIImageExtension.swift */; };
		62AFBDEC25373F5A00702B27 /* UIImageExtension.swift in Sources */ = {isa = PBXBuildFile; fileRef = 62AFBDEA25373F5A00702B27 /* UIImageExtension.swift */; };
		62AFBDED25373F5A00702B27 /* UIImageExtension.swift in Sources */ = {isa = PBXBuildFile; fileRef = 62AFBDEA25373F5A00702B27 /* UIImageExtension.swift */; };
		62C5D4B32524BE4B0081E571 /* AppDelegate.swift in Sources */ = {isa = PBXBuildFile; fileRef = 62C5D4B22524BE4B0081E571 /* AppDelegate.swift */; };
		62C5D4B52524BE4B0081E571 /* SceneDelegate.swift in Sources */ = {isa = PBXBuildFile; fileRef = 62C5D4B42524BE4B0081E571 /* SceneDelegate.swift */; };
		62C5D4BC2524BE4C0081E571 /* Assets.xcassets in Resources */ = {isa = PBXBuildFile; fileRef = 62C5D4BB2524BE4C0081E571 /* Assets.xcassets */; };
		62C5D4BF2524BE4C0081E571 /* LaunchScreen.storyboard in Resources */ = {isa = PBXBuildFile; fileRef = 62C5D4BD2524BE4C0081E571 /* LaunchScreen.storyboard */; };
		62C5D4CA2524BE4C0081E571 /* FCJTests.swift in Sources */ = {isa = PBXBuildFile; fileRef = 62C5D4C92524BE4C0081E571 /* FCJTests.swift */; };
		62C5D4D52524BE4C0081E571 /* FCJUITests.swift in Sources */ = {isa = PBXBuildFile; fileRef = 62C5D4D42524BE4C0081E571 /* FCJUITests.swift */; };
		8D061959E4A774051D515650 /* Pods_FCJ.framework in Frameworks */ = {isa = PBXBuildFile; fileRef = 0DA4FE050EFA05AC0F90E79D /* Pods_FCJ.framework */; };
		9CCC78C3034A3177DAD7AE0E /* Pods_FCJ_FCJUITests.framework in Frameworks */ = {isa = PBXBuildFile; fileRef = 9EE805CA671C316FCBD8FBB1 /* Pods_FCJ_FCJUITests.framework */; };
		F407AAAE26B252FC44FD7B62 /* Pods_FCJTests.framework in Frameworks */ = {isa = PBXBuildFile; fileRef = A6CA777B3994497DC477236E /* Pods_FCJTests.framework */; };
/* End PBXBuildFile section */

/* Begin PBXContainerItemProxy section */
		62C5D4C62524BE4C0081E571 /* PBXContainerItemProxy */ = {
			isa = PBXContainerItemProxy;
			containerPortal = 62C5D4A72524BE4A0081E571 /* Project object */;
			proxyType = 1;
			remoteGlobalIDString = 62C5D4AE2524BE4B0081E571;
			remoteInfo = FCJ;
		};
		62C5D4D12524BE4C0081E571 /* PBXContainerItemProxy */ = {
			isa = PBXContainerItemProxy;
			containerPortal = 62C5D4A72524BE4A0081E571 /* Project object */;
			proxyType = 1;
			remoteGlobalIDString = 62C5D4AE2524BE4B0081E571;
			remoteInfo = FCJ;
		};
/* End PBXContainerItemProxy section */

/* Begin PBXFileReference section */
		0DA4FE050EFA05AC0F90E79D /* Pods_FCJ.framework */ = {isa = PBXFileReference; explicitFileType = wrapper.framework; includeInIndex = 0; path = Pods_FCJ.framework; sourceTree = BUILT_PRODUCTS_DIR; };
		27C24ACD6F983AA820F99D25 /* Pods-FCJ.release.xcconfig */ = {isa = PBXFileReference; includeInIndex = 1; lastKnownFileType = text.xcconfig; name = "Pods-FCJ.release.xcconfig"; path = "Target Support Files/Pods-FCJ/Pods-FCJ.release.xcconfig"; sourceTree = "<group>"; };
		5AD990B7635D0403DCBA85EF /* Pods-FCJTests.debug.xcconfig */ = {isa = PBXFileReference; includeInIndex = 1; lastKnownFileType = text.xcconfig; name = "Pods-FCJTests.debug.xcconfig"; path = "Target Support Files/Pods-FCJTests/Pods-FCJTests.debug.xcconfig"; sourceTree = "<group>"; };
		6206D3BF2536174D00ED9328 /* MatchesDataViewController.swift */ = {isa = PBXFileReference; lastKnownFileType = sourcecode.swift; path = MatchesDataViewController.swift; sourceTree = "<group>"; };
		6206D40F25363C5400ED9328 /* TeamDataProvider.swift */ = {isa = PBXFileReference; lastKnownFileType = sourcecode.swift; path = TeamDataProvider.swift; sourceTree = "<group>"; };
		6206D41625363D2000ED9328 /* MatchRequest.swift */ = {isa = PBXFileReference; lastKnownFileType = sourcecode.swift; path = MatchRequest.swift; sourceTree = "<group>"; };
		6206D41D25363DC300ED9328 /* Match.swift */ = {isa = PBXFileReference; lastKnownFileType = sourcecode.swift; path = Match.swift; sourceTree = "<group>"; };
		6206D42425363E5400ED9328 /* MatchRestDataClient.swift */ = {isa = PBXFileReference; lastKnownFileType = sourcecode.swift; path = MatchRestDataClient.swift; sourceTree = "<group>"; };
		6206D42B25363FA800ED9328 /* MatchDataProvider.swift */ = {isa = PBXFileReference; lastKnownFileType = sourcecode.swift; path = MatchDataProvider.swift; sourceTree = "<group>"; };
		6216F040252CCA060091D6B6 /* UIViewExtension.swift */ = {isa = PBXFileReference; lastKnownFileType = sourcecode.swift; path = UIViewExtension.swift; sourceTree = "<group>"; };
		6216F04B252CCAF80091D6B6 /* FCJLabel.swift */ = {isa = PBXFileReference; lastKnownFileType = sourcecode.swift; path = FCJLabel.swift; sourceTree = "<group>"; };
		6216F055252CCE890091D6B6 /* BaseViewController.swift */ = {isa = PBXFileReference; lastKnownFileType = sourcecode.swift; path = BaseViewController.swift; sourceTree = "<group>"; };
		6226BAD5253470880009779B /* BaseDataController.swift */ = {isa = PBXFileReference; lastKnownFileType = sourcecode.swift; path = BaseDataController.swift; sourceTree = "<group>"; };
		6226BAE8253472C80009779B /* DataProvider.swift */ = {isa = PBXFileReference; lastKnownFileType = sourcecode.swift; path = DataProvider.swift; sourceTree = "<group>"; };
		6226BAF2253472F70009779B /* BaseRestDataClient.swift */ = {isa = PBXFileReference; lastKnownFileType = sourcecode.swift; path = BaseRestDataClient.swift; sourceTree = "<group>"; };
		6226BAFA253473530009779B /* ErrorResponse.swift */ = {isa = PBXFileReference; lastKnownFileType = sourcecode.swift; path = ErrorResponse.swift; sourceTree = "<group>"; };
		6226BB04253473720009779B /* Team.swift */ = {isa = PBXFileReference; lastKnownFileType = sourcecode.swift; path = Team.swift; sourceTree = "<group>"; };
		6226BB0C253473B70009779B /* TeamRequest.swift */ = {isa = PBXFileReference; lastKnownFileType = sourcecode.swift; path = TeamRequest.swift; sourceTree = "<group>"; };
		6226BB1D2534791D0009779B /* TeamRestDataClient.swift */ = {isa = PBXFileReference; lastKnownFileType = sourcecode.swift; path = TeamRestDataClient.swift; sourceTree = "<group>"; };
		6226BB2C25347E820009779B /* EncodableExtensions.swift */ = {isa = PBXFileReference; lastKnownFileType = sourcecode.swift; path = EncodableExtensions.swift; sourceTree = "<group>"; };
		6226BB3325347EB20009779B /* StringExtensions.swift */ = {isa = PBXFileReference; lastKnownFileType = sourcecode.swift; path = StringExtensions.swift; sourceTree = "<group>"; };
		6226BB3A253492B30009779B /* FCJButton.swift */ = {isa = PBXFileReference; lastKnownFileType = sourcecode.swift; path = FCJButton.swift; sourceTree = "<group>"; };
		6226BB41253494150009779B /* TeamsDataViewController.swift */ = {isa = PBXFileReference; lastKnownFileType = sourcecode.swift; path = TeamsDataViewController.swift; sourceTree = "<group>"; };
		6226BB482534AF950009779B /* TeamsTableViewCell.swift */ = {isa = PBXFileReference; lastKnownFileType = sourcecode.swift; path = TeamsTableViewCell.swift; sourceTree = "<group>"; };
		6226BB4F2534BB9C0009779B /* TeamEditDataView.swift */ = {isa = PBXFileReference; lastKnownFileType = sourcecode.swift; path = TeamEditDataView.swift; sourceTree = "<group>"; };
		6226BB5E2534E1200009779B /* TeamsTableView.swift */ = {isa = PBXFileReference; lastKnownFileType = sourcecode.swift; path = TeamsTableView.swift; sourceTree = "<group>"; };
		6226BB772534E8E40009779B /* AddTeamView.swift */ = {isa = PBXFileReference; lastKnownFileType = sourcecode.swift; path = AddTeamView.swift; sourceTree = "<group>"; };
		6226BB8F2535254A0009779B /* TeamDataDelegate.swift */ = {isa = PBXFileReference; lastKnownFileType = sourcecode.swift; path = TeamDataDelegate.swift; sourceTree = "<group>"; };
		6227E5EC2535D52E0041AE53 /* UIConstants.swift */ = {isa = PBXFileReference; lastKnownFileType = sourcecode.swift; path = UIConstants.swift; sourceTree = "<group>"; };
		6227E5F62535D9F50041AE53 /* FCJGradientView.swift */ = {isa = PBXFileReference; lastKnownFileType = sourcecode.swift; path = FCJGradientView.swift; sourceTree = "<group>"; };
		624C317325575E8200659C05 /* CustomDecoder.swift */ = {isa = PBXFileReference; lastKnownFileType = sourcecode.swift; path = CustomDecoder.swift; sourceTree = "<group>"; };
		62529CA725310C9B00A5C8F5 /* TabBarController.swift */ = {isa = PBXFileReference; lastKnownFileType = sourcecode.swift; path = TabBarController.swift; sourceTree = "<group>"; };
		6268D5D7252DFABB0009D865 /* UIColorExtension.swift */ = {isa = PBXFileReference; lastKnownFileType = sourcecode.swift; path = UIColorExtension.swift; sourceTree = "<group>"; };
		6268D5DF252E00D20009D865 /* Roboto-Light.ttf */ = {isa = PBXFileReference; lastKnownFileType = file; path = "Roboto-Light.ttf"; sourceTree = "<group>"; };
		6268D5E0252E00D30009D865 /* Roboto-Bold.ttf */ = {isa = PBXFileReference; lastKnownFileType = file; path = "Roboto-Bold.ttf"; sourceTree = "<group>"; };
		6268D5EA252E01BD0009D865 /* UIFontExtension.swift */ = {isa = PBXFileReference; lastKnownFileType = sourcecode.swift; path = UIFontExtension.swift; sourceTree = "<group>"; };
		627894E7253C83920092BA21 /* HomeViewController.swift */ = {isa = PBXFileReference; lastKnownFileType = sourcecode.swift; path = HomeViewController.swift; sourceTree = "<group>"; };
		627894F6253C84B10092BA21 /* MatchView.swift */ = {isa = PBXFileReference; lastKnownFileType = sourcecode.swift; path = MatchView.swift; sourceTree = "<group>"; };
		629BD0A2254E3C09001341F1 /* CompetitionRequest.swift */ = {isa = PBXFileReference; lastKnownFileType = sourcecode.swift; path = CompetitionRequest.swift; sourceTree = "<group>"; };
		629BD0AC254E3C48001341F1 /* CompetitionRestDataClient.swift */ = {isa = PBXFileReference; lastKnownFileType = sourcecode.swift; path = CompetitionRestDataClient.swift; sourceTree = "<group>"; };
		629BD0B3254E3DD0001341F1 /* CompetitionDataProvider.swift */ = {isa = PBXFileReference; lastKnownFileType = sourcecode.swift; path = CompetitionDataProvider.swift; sourceTree = "<group>"; };
		629BD0BB254E3ED0001341F1 /* CompetitionsDataViewController.swift */ = {isa = PBXFileReference; lastKnownFileType = sourcecode.swift; path = CompetitionsDataViewController.swift; sourceTree = "<group>"; };
		629BD0C8254E41ED001341F1 /* DateExtensions.swift */ = {isa = PBXFileReference; lastKnownFileType = sourcecode.swift; path = DateExtensions.swift; sourceTree = "<group>"; };
		62AA49B22541D1F100C021E1 /* MatchesViewController.swift */ = {isa = PBXFileReference; lastKnownFileType = sourcecode.swift; path = MatchesViewController.swift; sourceTree = "<group>"; };
		62AA49BC2541DA0700C021E1 /* MatchesTableViewCell.swift */ = {isa = PBXFileReference; lastKnownFileType = sourcecode.swift; path = MatchesTableViewCell.swift; sourceTree = "<group>"; };
		62AF7CF5254C76BF000DCB77 /* Competition.swift */ = {isa = PBXFileReference; lastKnownFileType = sourcecode.swift; path = Competition.swift; sourceTree = "<group>"; };
		62AFBDE32537398700702B27 /* FCJImageView.swift */ = {isa = PBXFileReference; lastKnownFileType = sourcecode.swift; path = FCJImageView.swift; sourceTree = "<group>"; };
		62AFBDEA25373F5A00702B27 /* UIImageExtension.swift */ = {isa = PBXFileReference; lastKnownFileType = sourcecode.swift; path = UIImageExtension.swift; sourceTree = "<group>"; };
		62C5D4AF2524BE4B0081E571 /* FCJ.app */ = {isa = PBXFileReference; explicitFileType = wrapper.application; includeInIndex = 0; path = FCJ.app; sourceTree = BUILT_PRODUCTS_DIR; };
		62C5D4B22524BE4B0081E571 /* AppDelegate.swift */ = {isa = PBXFileReference; lastKnownFileType = sourcecode.swift; path = AppDelegate.swift; sourceTree = "<group>"; };
		62C5D4B42524BE4B0081E571 /* SceneDelegate.swift */ = {isa = PBXFileReference; lastKnownFileType = sourcecode.swift; path = SceneDelegate.swift; sourceTree = "<group>"; };
		62C5D4BB2524BE4C0081E571 /* Assets.xcassets */ = {isa = PBXFileReference; lastKnownFileType = folder.assetcatalog; path = Assets.xcassets; sourceTree = "<group>"; };
		62C5D4BE2524BE4C0081E571 /* Base */ = {isa = PBXFileReference; lastKnownFileType = file.storyboard; name = Base; path = Base.lproj/LaunchScreen.storyboard; sourceTree = "<group>"; };
		62C5D4C02524BE4C0081E571 /* Info.plist */ = {isa = PBXFileReference; lastKnownFileType = text.plist.xml; path = Info.plist; sourceTree = "<group>"; };
		62C5D4C52524BE4C0081E571 /* FCJTests.xctest */ = {isa = PBXFileReference; explicitFileType = wrapper.cfbundle; includeInIndex = 0; path = FCJTests.xctest; sourceTree = BUILT_PRODUCTS_DIR; };
		62C5D4C92524BE4C0081E571 /* FCJTests.swift */ = {isa = PBXFileReference; lastKnownFileType = sourcecode.swift; path = FCJTests.swift; sourceTree = "<group>"; };
		62C5D4CB2524BE4C0081E571 /* Info.plist */ = {isa = PBXFileReference; lastKnownFileType = text.plist.xml; path = Info.plist; sourceTree = "<group>"; };
		62C5D4D02524BE4C0081E571 /* FCJUITests.xctest */ = {isa = PBXFileReference; explicitFileType = wrapper.cfbundle; includeInIndex = 0; path = FCJUITests.xctest; sourceTree = BUILT_PRODUCTS_DIR; };
		62C5D4D42524BE4C0081E571 /* FCJUITests.swift */ = {isa = PBXFileReference; lastKnownFileType = sourcecode.swift; path = FCJUITests.swift; sourceTree = "<group>"; };
		62C5D4D62524BE4C0081E571 /* Info.plist */ = {isa = PBXFileReference; lastKnownFileType = text.plist.xml; path = Info.plist; sourceTree = "<group>"; };
		6CE06DA1BB4C21B050E7651D /* Pods-FCJ-FCJUITests.debug.xcconfig */ = {isa = PBXFileReference; includeInIndex = 1; lastKnownFileType = text.xcconfig; name = "Pods-FCJ-FCJUITests.debug.xcconfig"; path = "Target Support Files/Pods-FCJ-FCJUITests/Pods-FCJ-FCJUITests.debug.xcconfig"; sourceTree = "<group>"; };
		6E37A69B234613544507D65E /* Pods-FCJTests.release.xcconfig */ = {isa = PBXFileReference; includeInIndex = 1; lastKnownFileType = text.xcconfig; name = "Pods-FCJTests.release.xcconfig"; path = "Target Support Files/Pods-FCJTests/Pods-FCJTests.release.xcconfig"; sourceTree = "<group>"; };
		9EE805CA671C316FCBD8FBB1 /* Pods_FCJ_FCJUITests.framework */ = {isa = PBXFileReference; explicitFileType = wrapper.framework; includeInIndex = 0; path = Pods_FCJ_FCJUITests.framework; sourceTree = BUILT_PRODUCTS_DIR; };
		A6CA777B3994497DC477236E /* Pods_FCJTests.framework */ = {isa = PBXFileReference; explicitFileType = wrapper.framework; includeInIndex = 0; path = Pods_FCJTests.framework; sourceTree = BUILT_PRODUCTS_DIR; };
		B420F64EDBACF0D3E09318D0 /* Pods-FCJ-FCJUITests.release.xcconfig */ = {isa = PBXFileReference; includeInIndex = 1; lastKnownFileType = text.xcconfig; name = "Pods-FCJ-FCJUITests.release.xcconfig"; path = "Target Support Files/Pods-FCJ-FCJUITests/Pods-FCJ-FCJUITests.release.xcconfig"; sourceTree = "<group>"; };
		FFD5057E44E33FA498E6C95B /* Pods-FCJ.debug.xcconfig */ = {isa = PBXFileReference; includeInIndex = 1; lastKnownFileType = text.xcconfig; name = "Pods-FCJ.debug.xcconfig"; path = "Target Support Files/Pods-FCJ/Pods-FCJ.debug.xcconfig"; sourceTree = "<group>"; };
/* End PBXFileReference section */

/* Begin PBXFrameworksBuildPhase section */
		62C5D4AC2524BE4B0081E571 /* Frameworks */ = {
			isa = PBXFrameworksBuildPhase;
			buildActionMask = 2147483647;
			files = (
				8D061959E4A774051D515650 /* Pods_FCJ.framework in Frameworks */,
			);
			runOnlyForDeploymentPostprocessing = 0;
		};
		62C5D4C22524BE4C0081E571 /* Frameworks */ = {
			isa = PBXFrameworksBuildPhase;
			buildActionMask = 2147483647;
			files = (
				F407AAAE26B252FC44FD7B62 /* Pods_FCJTests.framework in Frameworks */,
			);
			runOnlyForDeploymentPostprocessing = 0;
		};
		62C5D4CD2524BE4C0081E571 /* Frameworks */ = {
			isa = PBXFrameworksBuildPhase;
			buildActionMask = 2147483647;
			files = (
				9CCC78C3034A3177DAD7AE0E /* Pods_FCJ_FCJUITests.framework in Frameworks */,
			);
			runOnlyForDeploymentPostprocessing = 0;
		};
/* End PBXFrameworksBuildPhase section */

/* Begin PBXGroup section */
		6206D3BE2536171100ED9328 /* MatchesDataController */ = {
			isa = PBXGroup;
			children = (
				6206D3BF2536174D00ED9328 /* MatchesDataViewController.swift */,
			);
			path = MatchesDataController;
			sourceTree = "<group>";
		};
		6216F03F252CC9EC0091D6B6 /* Extensions */ = {
			isa = PBXGroup;
			children = (
				6216F040252CCA060091D6B6 /* UIViewExtension.swift */,
				6268D5D7252DFABB0009D865 /* UIColorExtension.swift */,
				6268D5EA252E01BD0009D865 /* UIFontExtension.swift */,
				6226BB2C25347E820009779B /* EncodableExtensions.swift */,
				6226BB3325347EB20009779B /* StringExtensions.swift */,
				62AFBDEA25373F5A00702B27 /* UIImageExtension.swift */,
				629BD0C8254E41ED001341F1 /* DateExtensions.swift */,
			);
			path = Extensions;
			sourceTree = "<group>";
		};
		6216F04A252CCAB40091D6B6 /* CustomControls */ = {
			isa = PBXGroup;
			children = (
				6216F04B252CCAF80091D6B6 /* FCJLabel.swift */,
				6226BB3A253492B30009779B /* FCJButton.swift */,
				6227E5F62535D9F50041AE53 /* FCJGradientView.swift */,
				62AFBDE32537398700702B27 /* FCJImageView.swift */,
			);
			path = CustomControls;
			sourceTree = "<group>";
		};
		6226BAE7253472AA0009779B /* DataManagement */ = {
			isa = PBXGroup;
			children = (
				624C317325575E8200659C05 /* CustomDecoder.swift */,
				62A9619D253F251000497A7D /* DataProvider */,
				6226BB16253478680009779B /* RestDataClient */,
				62A9619E253F252700497A7D /* Models */,
			);
			path = DataManagement;
			sourceTree = "<group>";
		};
		6226BAF92534732E0009779B /* ResponseModels */ = {
			isa = PBXGroup;
			children = (
				6226BAFA253473530009779B /* ErrorResponse.swift */,
				62AF7CF5254C76BF000DCB77 /* Competition.swift */,
				6226BB04253473720009779B /* Team.swift */,
				6206D41D25363DC300ED9328 /* Match.swift */,
			);
			path = ResponseModels;
			sourceTree = "<group>";
		};
		6226BB0B253473980009779B /* RequestModels */ = {
			isa = PBXGroup;
			children = (
				6226BB0C253473B70009779B /* TeamRequest.swift */,
				6206D41625363D2000ED9328 /* MatchRequest.swift */,
				629BD0A2254E3C09001341F1 /* CompetitionRequest.swift */,
			);
			path = RequestModels;
			sourceTree = "<group>";
		};
		6226BB16253478680009779B /* RestDataClient */ = {
			isa = PBXGroup;
			children = (
				6226BAF2253472F70009779B /* BaseRestDataClient.swift */,
				629BD0AC254E3C48001341F1 /* CompetitionRestDataClient.swift */,
				6226BB1D2534791D0009779B /* TeamRestDataClient.swift */,
				6206D42425363E5400ED9328 /* MatchRestDataClient.swift */,
			);
			path = RestDataClient;
			sourceTree = "<group>";
		};
		6226BB5D2534E0C90009779B /* TeamsDataController */ = {
			isa = PBXGroup;
			children = (
				6226BB41253494150009779B /* TeamsDataViewController.swift */,
				6226BB8F2535254A0009779B /* TeamDataDelegate.swift */,
				6226BB682534E82C0009779B /* TeamsTableView */,
				6226BB6C2534E85E0009779B /* AddTeamPopupView */,
				6226BB88253520D10009779B /* TeamEditDataPopupView */,
			);
			path = TeamsDataController;
			sourceTree = "<group>";
		};
		6226BB682534E82C0009779B /* TeamsTableView */ = {
			isa = PBXGroup;
			children = (
				6226BB5E2534E1200009779B /* TeamsTableView.swift */,
				6226BB482534AF950009779B /* TeamsTableViewCell.swift */,
			);
			path = TeamsTableView;
			sourceTree = "<group>";
		};
		6226BB6C2534E85E0009779B /* AddTeamPopupView */ = {
			isa = PBXGroup;
			children = (
				6226BB772534E8E40009779B /* AddTeamView.swift */,
			);
			path = AddTeamPopupView;
			sourceTree = "<group>";
		};
		6226BB88253520D10009779B /* TeamEditDataPopupView */ = {
			isa = PBXGroup;
			children = (
				6226BB4F2534BB9C0009779B /* TeamEditDataView.swift */,
			);
			path = TeamEditDataPopupView;
			sourceTree = "<group>";
		};
		6227E5EB2535D5070041AE53 /* UI */ = {
			isa = PBXGroup;
			children = (
				627894F5253C84780092BA21 /* Reusables */,
				627894F4253C84490092BA21 /* BaseAndNavigation */,
				627894E6253C82980092BA21 /* Home */,
				62AA49B12541D1CC00C021E1 /* Matches */,
				6227E5EC2535D52E0041AE53 /* UIConstants.swift */,
			);
			path = UI;
			sourceTree = "<group>";
		};
		6268D5DE252E00C10009D865 /* Fonts */ = {
			isa = PBXGroup;
			children = (
				6268D5E0252E00D30009D865 /* Roboto-Bold.ttf */,
				6268D5DF252E00D20009D865 /* Roboto-Light.ttf */,
			);
			path = Fonts;
			sourceTree = "<group>";
		};
		627894E6253C82980092BA21 /* Home */ = {
			isa = PBXGroup;
			children = (
				627894E7253C83920092BA21 /* HomeViewController.swift */,
			);
			path = Home;
			sourceTree = "<group>";
		};
		627894F4253C84490092BA21 /* BaseAndNavigation */ = {
			isa = PBXGroup;
			children = (
				6216F055252CCE890091D6B6 /* BaseViewController.swift */,
				62529CA725310C9B00A5C8F5 /* TabBarController.swift */,
			);
			path = BaseAndNavigation;
			sourceTree = "<group>";
		};
		627894F5253C84780092BA21 /* Reusables */ = {
			isa = PBXGroup;
			children = (
				627894F6253C84B10092BA21 /* MatchView.swift */,
			);
			path = Reusables;
			sourceTree = "<group>";
		};
		629BD0BA254E3EA0001341F1 /* CompetitionsDataController */ = {
			isa = PBXGroup;
			children = (
				629BD0BB254E3ED0001341F1 /* CompetitionsDataViewController.swift */,
			);
			path = CompetitionsDataController;
			sourceTree = "<group>";
		};
		62A9619D253F251000497A7D /* DataProvider */ = {
			isa = PBXGroup;
			children = (
				6226BAE8253472C80009779B /* DataProvider.swift */,
				629BD0B3254E3DD0001341F1 /* CompetitionDataProvider.swift */,
				6206D40F25363C5400ED9328 /* TeamDataProvider.swift */,
				6206D42B25363FA800ED9328 /* MatchDataProvider.swift */,
			);
			path = DataProvider;
			sourceTree = "<group>";
		};
		62A9619E253F252700497A7D /* Models */ = {
			isa = PBXGroup;
			children = (
				6226BB0B253473980009779B /* RequestModels */,
				6226BAF92534732E0009779B /* ResponseModels */,
			);
			path = Models;
			sourceTree = "<group>";
		};
		62A961A2253F255A00497A7D /* AdministratorSection */ = {
			isa = PBXGroup;
			children = (
				6226BAD5253470880009779B /* BaseDataController.swift */,
				629BD0BA254E3EA0001341F1 /* CompetitionsDataController */,
				6206D3BE2536171100ED9328 /* MatchesDataController */,
				6226BB5D2534E0C90009779B /* TeamsDataController */,
			);
			path = AdministratorSection;
			sourceTree = "<group>";
		};
		62AA49B12541D1CC00C021E1 /* Matches */ = {
			isa = PBXGroup;
			children = (
				62AA49B22541D1F100C021E1 /* MatchesViewController.swift */,
				62AA49BC2541DA0700C021E1 /* MatchesTableViewCell.swift */,
			);
			path = Matches;
			sourceTree = "<group>";
		};
		62C5D4A62524BE4A0081E571 = {
			isa = PBXGroup;
			children = (
				62C5D4B12524BE4B0081E571 /* FCJ */,
				62C5D4C82524BE4C0081E571 /* FCJTests */,
				62C5D4D32524BE4C0081E571 /* FCJUITests */,
				62C5D4B02524BE4B0081E571 /* Products */,
				F1299B02034474DCD20A5BD1 /* Pods */,
				E76D61085579F3027CACE965 /* Frameworks */,
			);
			sourceTree = "<group>";
		};
		62C5D4B02524BE4B0081E571 /* Products */ = {
			isa = PBXGroup;
			children = (
				62C5D4AF2524BE4B0081E571 /* FCJ.app */,
				62C5D4C52524BE4C0081E571 /* FCJTests.xctest */,
				62C5D4D02524BE4C0081E571 /* FCJUITests.xctest */,
			);
			name = Products;
			sourceTree = "<group>";
		};
		62C5D4B12524BE4B0081E571 /* FCJ */ = {
			isa = PBXGroup;
			children = (
				62A961A2253F255A00497A7D /* AdministratorSection */,
				6226BAE7253472AA0009779B /* DataManagement */,
				6227E5EB2535D5070041AE53 /* UI */,
				6216F03F252CC9EC0091D6B6 /* Extensions */,
				6216F04A252CCAB40091D6B6 /* CustomControls */,
				6268D5DE252E00C10009D865 /* Fonts */,
				62C5D4BB2524BE4C0081E571 /* Assets.xcassets */,
				62C5D4BD2524BE4C0081E571 /* LaunchScreen.storyboard */,
				62C5D4B22524BE4B0081E571 /* AppDelegate.swift */,
				62C5D4B42524BE4B0081E571 /* SceneDelegate.swift */,
				62C5D4C02524BE4C0081E571 /* Info.plist */,
			);
			path = FCJ;
			sourceTree = "<group>";
		};
		62C5D4C82524BE4C0081E571 /* FCJTests */ = {
			isa = PBXGroup;
			children = (
				62C5D4C92524BE4C0081E571 /* FCJTests.swift */,
				62C5D4CB2524BE4C0081E571 /* Info.plist */,
			);
			path = FCJTests;
			sourceTree = "<group>";
		};
		62C5D4D32524BE4C0081E571 /* FCJUITests */ = {
			isa = PBXGroup;
			children = (
				62C5D4D42524BE4C0081E571 /* FCJUITests.swift */,
				62C5D4D62524BE4C0081E571 /* Info.plist */,
			);
			path = FCJUITests;
			sourceTree = "<group>";
		};
		E76D61085579F3027CACE965 /* Frameworks */ = {
			isa = PBXGroup;
			children = (
				0DA4FE050EFA05AC0F90E79D /* Pods_FCJ.framework */,
				9EE805CA671C316FCBD8FBB1 /* Pods_FCJ_FCJUITests.framework */,
				A6CA777B3994497DC477236E /* Pods_FCJTests.framework */,
			);
			name = Frameworks;
			sourceTree = "<group>";
		};
		F1299B02034474DCD20A5BD1 /* Pods */ = {
			isa = PBXGroup;
			children = (
				FFD5057E44E33FA498E6C95B /* Pods-FCJ.debug.xcconfig */,
				27C24ACD6F983AA820F99D25 /* Pods-FCJ.release.xcconfig */,
				6CE06DA1BB4C21B050E7651D /* Pods-FCJ-FCJUITests.debug.xcconfig */,
				B420F64EDBACF0D3E09318D0 /* Pods-FCJ-FCJUITests.release.xcconfig */,
				5AD990B7635D0403DCBA85EF /* Pods-FCJTests.debug.xcconfig */,
				6E37A69B234613544507D65E /* Pods-FCJTests.release.xcconfig */,
			);
			path = Pods;
			sourceTree = "<group>";
		};
/* End PBXGroup section */

/* Begin PBXNativeTarget section */
		62C5D4AE2524BE4B0081E571 /* FCJ */ = {
			isa = PBXNativeTarget;
			buildConfigurationList = 62C5D4D92524BE4C0081E571 /* Build configuration list for PBXNativeTarget "FCJ" */;
			buildPhases = (
				91556FF473D71808FB9003E4 /* [CP] Check Pods Manifest.lock */,
				62C5D4AB2524BE4B0081E571 /* Sources */,
				62C5D4AC2524BE4B0081E571 /* Frameworks */,
				62C5D4AD2524BE4B0081E571 /* Resources */,
				92D20E62A06865962D47BE8E /* [CP] Embed Pods Frameworks */,
			);
			buildRules = (
			);
			dependencies = (
			);
			name = FCJ;
			productName = FCJ;
			productReference = 62C5D4AF2524BE4B0081E571 /* FCJ.app */;
			productType = "com.apple.product-type.application";
		};
		62C5D4C42524BE4C0081E571 /* FCJTests */ = {
			isa = PBXNativeTarget;
			buildConfigurationList = 62C5D4DC2524BE4C0081E571 /* Build configuration list for PBXNativeTarget "FCJTests" */;
			buildPhases = (
				36CCFD921EC432D892D0C1D2 /* [CP] Check Pods Manifest.lock */,
				62C5D4C12524BE4C0081E571 /* Sources */,
				62C5D4C22524BE4C0081E571 /* Frameworks */,
				62C5D4C32524BE4C0081E571 /* Resources */,
			);
			buildRules = (
			);
			dependencies = (
				62C5D4C72524BE4C0081E571 /* PBXTargetDependency */,
			);
			name = FCJTests;
			productName = FCJTests;
			productReference = 62C5D4C52524BE4C0081E571 /* FCJTests.xctest */;
			productType = "com.apple.product-type.bundle.unit-test";
		};
		62C5D4CF2524BE4C0081E571 /* FCJUITests */ = {
			isa = PBXNativeTarget;
			buildConfigurationList = 62C5D4DF2524BE4C0081E571 /* Build configuration list for PBXNativeTarget "FCJUITests" */;
			buildPhases = (
				2F365FCFF569F6180B6DDE61 /* [CP] Check Pods Manifest.lock */,
				62C5D4CC2524BE4C0081E571 /* Sources */,
				62C5D4CD2524BE4C0081E571 /* Frameworks */,
				62C5D4CE2524BE4C0081E571 /* Resources */,
				324809FC659C1672C8C2198A /* [CP] Embed Pods Frameworks */,
			);
			buildRules = (
			);
			dependencies = (
				62C5D4D22524BE4C0081E571 /* PBXTargetDependency */,
			);
			name = FCJUITests;
			productName = FCJUITests;
			productReference = 62C5D4D02524BE4C0081E571 /* FCJUITests.xctest */;
			productType = "com.apple.product-type.bundle.ui-testing";
		};
/* End PBXNativeTarget section */

/* Begin PBXProject section */
		62C5D4A72524BE4A0081E571 /* Project object */ = {
			isa = PBXProject;
			attributes = {
				LastSwiftUpdateCheck = 1200;
				LastUpgradeCheck = 1200;
				TargetAttributes = {
					62C5D4AE2524BE4B0081E571 = {
						CreatedOnToolsVersion = 12.0.1;
					};
					62C5D4C42524BE4C0081E571 = {
						CreatedOnToolsVersion = 12.0.1;
						TestTargetID = 62C5D4AE2524BE4B0081E571;
					};
					62C5D4CF2524BE4C0081E571 = {
						CreatedOnToolsVersion = 12.0.1;
						TestTargetID = 62C5D4AE2524BE4B0081E571;
					};
				};
			};
			buildConfigurationList = 62C5D4AA2524BE4A0081E571 /* Build configuration list for PBXProject "FCJ" */;
			compatibilityVersion = "Xcode 9.3";
			developmentRegion = en;
			hasScannedForEncodings = 0;
			knownRegions = (
				en,
				Base,
			);
			mainGroup = 62C5D4A62524BE4A0081E571;
			productRefGroup = 62C5D4B02524BE4B0081E571 /* Products */;
			projectDirPath = "";
			projectRoot = "";
			targets = (
				62C5D4AE2524BE4B0081E571 /* FCJ */,
				62C5D4C42524BE4C0081E571 /* FCJTests */,
				62C5D4CF2524BE4C0081E571 /* FCJUITests */,
			);
		};
/* End PBXProject section */

/* Begin PBXResourcesBuildPhase section */
		62C5D4AD2524BE4B0081E571 /* Resources */ = {
			isa = PBXResourcesBuildPhase;
			buildActionMask = 2147483647;
			files = (
				62C5D4BF2524BE4C0081E571 /* LaunchScreen.storyboard in Resources */,
				62C5D4BC2524BE4C0081E571 /* Assets.xcassets in Resources */,
				6268D5E4252E00D30009D865 /* Roboto-Bold.ttf in Resources */,
				6268D5E1252E00D30009D865 /* Roboto-Light.ttf in Resources */,
			);
			runOnlyForDeploymentPostprocessing = 0;
		};
		62C5D4C32524BE4C0081E571 /* Resources */ = {
			isa = PBXResourcesBuildPhase;
			buildActionMask = 2147483647;
			files = (
				6268D5E5252E00D30009D865 /* Roboto-Bold.ttf in Resources */,
				6268D5E2252E00D30009D865 /* Roboto-Light.ttf in Resources */,
			);
			runOnlyForDeploymentPostprocessing = 0;
		};
		62C5D4CE2524BE4C0081E571 /* Resources */ = {
			isa = PBXResourcesBuildPhase;
			buildActionMask = 2147483647;
			files = (
				6268D5E6252E00D30009D865 /* Roboto-Bold.ttf in Resources */,
				6268D5E3252E00D30009D865 /* Roboto-Light.ttf in Resources */,
			);
			runOnlyForDeploymentPostprocessing = 0;
		};
/* End PBXResourcesBuildPhase section */

/* Begin PBXShellScriptBuildPhase section */
		2F365FCFF569F6180B6DDE61 /* [CP] Check Pods Manifest.lock */ = {
			isa = PBXShellScriptBuildPhase;
			buildActionMask = 2147483647;
			files = (
			);
			inputFileListPaths = (
			);
			inputPaths = (
				"${PODS_PODFILE_DIR_PATH}/Podfile.lock",
				"${PODS_ROOT}/Manifest.lock",
			);
			name = "[CP] Check Pods Manifest.lock";
			outputFileListPaths = (
			);
			outputPaths = (
				"$(DERIVED_FILE_DIR)/Pods-FCJ-FCJUITests-checkManifestLockResult.txt",
			);
			runOnlyForDeploymentPostprocessing = 0;
			shellPath = /bin/sh;
			shellScript = "diff \"${PODS_PODFILE_DIR_PATH}/Podfile.lock\" \"${PODS_ROOT}/Manifest.lock\" > /dev/null\nif [ $? != 0 ] ; then\n    # print error to STDERR\n    echo \"error: The sandbox is not in sync with the Podfile.lock. Run 'pod install' or update your CocoaPods installation.\" >&2\n    exit 1\nfi\n# This output is used by Xcode 'outputs' to avoid re-running this script phase.\necho \"SUCCESS\" > \"${SCRIPT_OUTPUT_FILE_0}\"\n";
			showEnvVarsInLog = 0;
		};
		324809FC659C1672C8C2198A /* [CP] Embed Pods Frameworks */ = {
			isa = PBXShellScriptBuildPhase;
			buildActionMask = 2147483647;
			files = (
			);
			inputFileListPaths = (
				"${PODS_ROOT}/Target Support Files/Pods-FCJ-FCJUITests/Pods-FCJ-FCJUITests-frameworks-${CONFIGURATION}-input-files.xcfilelist",
			);
			name = "[CP] Embed Pods Frameworks";
			outputFileListPaths = (
				"${PODS_ROOT}/Target Support Files/Pods-FCJ-FCJUITests/Pods-FCJ-FCJUITests-frameworks-${CONFIGURATION}-output-files.xcfilelist",
			);
			runOnlyForDeploymentPostprocessing = 0;
			shellPath = /bin/sh;
			shellScript = "\"${PODS_ROOT}/Target Support Files/Pods-FCJ-FCJUITests/Pods-FCJ-FCJUITests-frameworks.sh\"\n";
			showEnvVarsInLog = 0;
		};
		36CCFD921EC432D892D0C1D2 /* [CP] Check Pods Manifest.lock */ = {
			isa = PBXShellScriptBuildPhase;
			buildActionMask = 2147483647;
			files = (
			);
			inputFileListPaths = (
			);
			inputPaths = (
				"${PODS_PODFILE_DIR_PATH}/Podfile.lock",
				"${PODS_ROOT}/Manifest.lock",
			);
			name = "[CP] Check Pods Manifest.lock";
			outputFileListPaths = (
			);
			outputPaths = (
				"$(DERIVED_FILE_DIR)/Pods-FCJTests-checkManifestLockResult.txt",
			);
			runOnlyForDeploymentPostprocessing = 0;
			shellPath = /bin/sh;
			shellScript = "diff \"${PODS_PODFILE_DIR_PATH}/Podfile.lock\" \"${PODS_ROOT}/Manifest.lock\" > /dev/null\nif [ $? != 0 ] ; then\n    # print error to STDERR\n    echo \"error: The sandbox is not in sync with the Podfile.lock. Run 'pod install' or update your CocoaPods installation.\" >&2\n    exit 1\nfi\n# This output is used by Xcode 'outputs' to avoid re-running this script phase.\necho \"SUCCESS\" > \"${SCRIPT_OUTPUT_FILE_0}\"\n";
			showEnvVarsInLog = 0;
		};
		91556FF473D71808FB9003E4 /* [CP] Check Pods Manifest.lock */ = {
			isa = PBXShellScriptBuildPhase;
			buildActionMask = 2147483647;
			files = (
			);
			inputFileListPaths = (
			);
			inputPaths = (
				"${PODS_PODFILE_DIR_PATH}/Podfile.lock",
				"${PODS_ROOT}/Manifest.lock",
			);
			name = "[CP] Check Pods Manifest.lock";
			outputFileListPaths = (
			);
			outputPaths = (
				"$(DERIVED_FILE_DIR)/Pods-FCJ-checkManifestLockResult.txt",
			);
			runOnlyForDeploymentPostprocessing = 0;
			shellPath = /bin/sh;
			shellScript = "diff \"${PODS_PODFILE_DIR_PATH}/Podfile.lock\" \"${PODS_ROOT}/Manifest.lock\" > /dev/null\nif [ $? != 0 ] ; then\n    # print error to STDERR\n    echo \"error: The sandbox is not in sync with the Podfile.lock. Run 'pod install' or update your CocoaPods installation.\" >&2\n    exit 1\nfi\n# This output is used by Xcode 'outputs' to avoid re-running this script phase.\necho \"SUCCESS\" > \"${SCRIPT_OUTPUT_FILE_0}\"\n";
			showEnvVarsInLog = 0;
		};
		92D20E62A06865962D47BE8E /* [CP] Embed Pods Frameworks */ = {
			isa = PBXShellScriptBuildPhase;
			buildActionMask = 2147483647;
			files = (
			);
			inputFileListPaths = (
				"${PODS_ROOT}/Target Support Files/Pods-FCJ/Pods-FCJ-frameworks-${CONFIGURATION}-input-files.xcfilelist",
			);
			name = "[CP] Embed Pods Frameworks";
			outputFileListPaths = (
				"${PODS_ROOT}/Target Support Files/Pods-FCJ/Pods-FCJ-frameworks-${CONFIGURATION}-output-files.xcfilelist",
			);
			runOnlyForDeploymentPostprocessing = 0;
			shellPath = /bin/sh;
			shellScript = "\"${PODS_ROOT}/Target Support Files/Pods-FCJ/Pods-FCJ-frameworks.sh\"\n";
			showEnvVarsInLog = 0;
		};
/* End PBXShellScriptBuildPhase section */

/* Begin PBXSourcesBuildPhase section */
		62C5D4AB2524BE4B0081E571 /* Sources */ = {
			isa = PBXSourcesBuildPhase;
			buildActionMask = 2147483647;
			files = (
				62AF7CF6254C76BF000DCB77 /* Competition.swift in Sources */,
				629BD0BC254E3ED0001341F1 /* CompetitionsDataViewController.swift in Sources */,
				62C5D4B32524BE4B0081E571 /* AppDelegate.swift in Sources */,
				6226BB2D25347E820009779B /* EncodableExtensions.swift in Sources */,
				6268D5EB252E01BD0009D865 /* UIFontExtension.swift in Sources */,
				627894E8253C83920092BA21 /* HomeViewController.swift in Sources */,
				6226BB5F2534E1200009779B /* TeamsTableView.swift in Sources */,
				629BD0A3254E3C09001341F1 /* CompetitionRequest.swift in Sources */,
				6206D42525363E5400ED9328 /* MatchRestDataClient.swift in Sources */,
				624C317425575E8200659C05 /* CustomDecoder.swift in Sources */,
				6206D41025363C5400ED9328 /* TeamDataProvider.swift in Sources */,
				6226BB1E2534791D0009779B /* TeamRestDataClient.swift in Sources */,
				6206D42C25363FA800ED9328 /* MatchDataProvider.swift in Sources */,
				6226BB502534BB9C0009779B /* TeamEditDataView.swift in Sources */,
				627894F7253C84B10092BA21 /* MatchView.swift in Sources */,
				6206D41725363D2000ED9328 /* MatchRequest.swift in Sources */,
				629BD0B4254E3DD0001341F1 /* CompetitionDataProvider.swift in Sources */,
				6226BB05253473720009779B /* Team.swift in Sources */,
				6226BB42253494150009779B /* TeamsDataViewController.swift in Sources */,
				62AA49B32541D1F100C021E1 /* MatchesViewController.swift in Sources */,
				62529CA825310C9B00A5C8F5 /* TabBarController.swift in Sources */,
				6216F041252CCA060091D6B6 /* UIViewExtension.swift in Sources */,
				6268D5D8252DFABB0009D865 /* UIColorExtension.swift in Sources */,
				6226BB492534AF950009779B /* TeamsTableViewCell.swift in Sources */,
				6206D3C02536174D00ED9328 /* MatchesDataViewController.swift in Sources */,
				629BD0AD254E3C48001341F1 /* CompetitionRestDataClient.swift in Sources */,
				6226BB3B253492B30009779B /* FCJButton.swift in Sources */,
				6226BAE9253472C80009779B /* DataProvider.swift in Sources */,
				6216F04C252CCAF80091D6B6 /* FCJLabel.swift in Sources */,
				6206D41E25363DC300ED9328 /* Match.swift in Sources */,
				6226BB902535254A0009779B /* TeamDataDelegate.swift in Sources */,
				62AFBDEB25373F5A00702B27 /* UIImageExtension.swift in Sources */,
				6226BAD6253470880009779B /* BaseDataController.swift in Sources */,
				62C5D4B52524BE4B0081E571 /* SceneDelegate.swift in Sources */,
				6226BB782534E8E40009779B /* AddTeamView.swift in Sources */,
				6227E5ED2535D52E0041AE53 /* UIConstants.swift in Sources */,
				6226BAF3253472F70009779B /* BaseRestDataClient.swift in Sources */,
				6226BB0D253473B70009779B /* TeamRequest.swift in Sources */,
				6227E5F72535D9F50041AE53 /* FCJGradientView.swift in Sources */,
				62AA49BD2541DA0700C021E1 /* MatchesTableViewCell.swift in Sources */,
				6216F056252CCE890091D6B6 /* BaseViewController.swift in Sources */,
				629BD0C9254E41ED001341F1 /* DateExtensions.swift in Sources */,
				6226BAFB253473530009779B /* ErrorResponse.swift in Sources */,
				62AFBDE42537398700702B27 /* FCJImageView.swift in Sources */,
				6226BB3425347EB20009779B /* StringExtensions.swift in Sources */,
			);
			runOnlyForDeploymentPostprocessing = 0;
		};
		62C5D4C12524BE4C0081E571 /* Sources */ = {
			isa = PBXSourcesBuildPhase;
			buildActionMask = 2147483647;
			files = (
				6216F057252CCE890091D6B6 /* BaseViewController.swift in Sources */,
				62AF7CF7254C76BF000DCB77 /* Competition.swift in Sources */,
				6226BB1F2534791D0009779B /* TeamRestDataClient.swift in Sources */,
				62AFBDE52537398700702B27 /* FCJImageView.swift in Sources */,
				6268D5D9252DFABB0009D865 /* UIColorExtension.swift in Sources */,
				629BD0CA254E41ED001341F1 /* DateExtensions.swift in Sources */,
				6226BB512534BB9C0009779B /* TeamEditDataView.swift in Sources */,
				6226BB06253473720009779B /* Team.swift in Sources */,
				6227E5EE2535D52E0041AE53 /* UIConstants.swift in Sources */,
				6226BAF4253472F70009779B /* BaseRestDataClient.swift in Sources */,
				6226BB2E25347E820009779B /* EncodableExtensions.swift in Sources */,
				6226BB0E253473B70009779B /* TeamRequest.swift in Sources */,
				6268D5EC252E01BD0009D865 /* UIFontExtension.swift in Sources */,
				6226BB792534E8E40009779B /* AddTeamView.swift in Sources */,
				629BD0BD254E3ED0001341F1 /* CompetitionsDataViewController.swift in Sources */,
				6206D41825363D2000ED9328 /* MatchRequest.swift in Sources */,
				6227E5F82535D9F50041AE53 /* FCJGradientView.swift in Sources */,
				62529CA925310C9B00A5C8F5 /* TabBarController.swift in Sources */,
				6226BB912535254A0009779B /* TeamDataDelegate.swift in Sources */,
				6206D3C12536174D00ED9328 /* MatchesDataViewController.swift in Sources */,
				62AA49BE2541DA0700C021E1 /* MatchesTableViewCell.swift in Sources */,
				6226BAEA253472C80009779B /* DataProvider.swift in Sources */,
				6226BB602534E1200009779B /* TeamsTableView.swift in Sources */,
				6206D42D25363FA800ED9328 /* MatchDataProvider.swift in Sources */,
				6226BB4A2534AF950009779B /* TeamsTableViewCell.swift in Sources */,
				627894F8253C84B10092BA21 /* MatchView.swift in Sources */,
				6216F04D252CCAF80091D6B6 /* FCJLabel.swift in Sources */,
				629BD0AE254E3C48001341F1 /* CompetitionRestDataClient.swift in Sources */,
				627894E9253C83920092BA21 /* HomeViewController.swift in Sources */,
				629BD0B5254E3DD0001341F1 /* CompetitionDataProvider.swift in Sources */,
				62AFBDEC25373F5A00702B27 /* UIImageExtension.swift in Sources */,
				6226BB3525347EB20009779B /* StringExtensions.swift in Sources */,
				6206D41F25363DC300ED9328 /* Match.swift in Sources */,
				6216F042252CCA060091D6B6 /* UIViewExtension.swift in Sources */,
				6206D42625363E5400ED9328 /* MatchRestDataClient.swift in Sources */,
				624C317525575E8200659C05 /* CustomDecoder.swift in Sources */,
				629BD0A4254E3C09001341F1 /* CompetitionRequest.swift in Sources */,
				6226BB43253494150009779B /* TeamsDataViewController.swift in Sources */,
				62AA49B42541D1F100C021E1 /* MatchesViewController.swift in Sources */,
				6206D41125363C5400ED9328 /* TeamDataProvider.swift in Sources */,
				6226BAD7253470880009779B /* BaseDataController.swift in Sources */,
				62C5D4CA2524BE4C0081E571 /* FCJTests.swift in Sources */,
				6226BB3C253492B30009779B /* FCJButton.swift in Sources */,
				6226BAFC253473530009779B /* ErrorResponse.swift in Sources */,
			);
			runOnlyForDeploymentPostprocessing = 0;
		};
		62C5D4CC2524BE4C0081E571 /* Sources */ = {
			isa = PBXSourcesBuildPhase;
			buildActionMask = 2147483647;
			files = (
				6216F058252CCE890091D6B6 /* BaseViewController.swift in Sources */,
				62AF7CF8254C76BF000DCB77 /* Competition.swift in Sources */,
				6226BB202534791D0009779B /* TeamRestDataClient.swift in Sources */,
				62AFBDE62537398700702B27 /* FCJImageView.swift in Sources */,
				6268D5DA252DFABB0009D865 /* UIColorExtension.swift in Sources */,
				629BD0CB254E41ED001341F1 /* DateExtensions.swift in Sources */,
				6226BB522534BB9C0009779B /* TeamEditDataView.swift in Sources */,
				6226BB07253473720009779B /* Team.swift in Sources */,
				6227E5EF2535D52E0041AE53 /* UIConstants.swift in Sources */,
				6226BAF5253472F70009779B /* BaseRestDataClient.swift in Sources */,
				6226BB2F25347E820009779B /* EncodableExtensions.swift in Sources */,
				6226BB0F253473B70009779B /* TeamRequest.swift in Sources */,
				6268D5ED252E01BD0009D865 /* UIFontExtension.swift in Sources */,
				6226BB7A2534E8E40009779B /* AddTeamView.swift in Sources */,
				629BD0BE254E3ED0001341F1 /* CompetitionsDataViewController.swift in Sources */,
				6206D41925363D2000ED9328 /* MatchRequest.swift in Sources */,
				6227E5F92535D9F50041AE53 /* FCJGradientView.swift in Sources */,
				62529CAA25310C9B00A5C8F5 /* TabBarController.swift in Sources */,
				6226BB922535254A0009779B /* TeamDataDelegate.swift in Sources */,
				6206D3C22536174D00ED9328 /* MatchesDataViewController.swift in Sources */,
				62AA49BF2541DA0700C021E1 /* MatchesTableViewCell.swift in Sources */,
				6226BAEB253472C80009779B /* DataProvider.swift in Sources */,
				6226BB612534E1200009779B /* TeamsTableView.swift in Sources */,
				6206D42E25363FA800ED9328 /* MatchDataProvider.swift in Sources */,
				6226BB4B2534AF950009779B /* TeamsTableViewCell.swift in Sources */,
				627894F9253C84B10092BA21 /* MatchView.swift in Sources */,
				6216F04E252CCAF80091D6B6 /* FCJLabel.swift in Sources */,
				629BD0AF254E3C48001341F1 /* CompetitionRestDataClient.swift in Sources */,
				627894EA253C83920092BA21 /* HomeViewController.swift in Sources */,
				629BD0B6254E3DD0001341F1 /* CompetitionDataProvider.swift in Sources */,
				62AFBDED25373F5A00702B27 /* UIImageExtension.swift in Sources */,
				6226BB3625347EB20009779B /* StringExtensions.swift in Sources */,
				6206D42025363DC300ED9328 /* Match.swift in Sources */,
				6216F043252CCA060091D6B6 /* UIViewExtension.swift in Sources */,
				6206D42725363E5400ED9328 /* MatchRestDataClient.swift in Sources */,
				624C317625575E8200659C05 /* CustomDecoder.swift in Sources */,
				629BD0A5254E3C09001341F1 /* CompetitionRequest.swift in Sources */,
				6226BB44253494150009779B /* TeamsDataViewController.swift in Sources */,
				62AA49B52541D1F100C021E1 /* MatchesViewController.swift in Sources */,
				6206D41225363C5400ED9328 /* TeamDataProvider.swift in Sources */,
				6226BAD8253470880009779B /* BaseDataController.swift in Sources */,
				62C5D4D52524BE4C0081E571 /* FCJUITests.swift in Sources */,
				6226BB3D253492B30009779B /* FCJButton.swift in Sources */,
				6226BAFD253473530009779B /* ErrorResponse.swift in Sources */,
			);
			runOnlyForDeploymentPostprocessing = 0;
		};
/* End PBXSourcesBuildPhase section */

/* Begin PBXTargetDependency section */
		62C5D4C72524BE4C0081E571 /* PBXTargetDependency */ = {
			isa = PBXTargetDependency;
			target = 62C5D4AE2524BE4B0081E571 /* FCJ */;
			targetProxy = 62C5D4C62524BE4C0081E571 /* PBXContainerItemProxy */;
		};
		62C5D4D22524BE4C0081E571 /* PBXTargetDependency */ = {
			isa = PBXTargetDependency;
			target = 62C5D4AE2524BE4B0081E571 /* FCJ */;
			targetProxy = 62C5D4D12524BE4C0081E571 /* PBXContainerItemProxy */;
		};
/* End PBXTargetDependency section */

/* Begin PBXVariantGroup section */
		62C5D4BD2524BE4C0081E571 /* LaunchScreen.storyboard */ = {
			isa = PBXVariantGroup;
			children = (
				62C5D4BE2524BE4C0081E571 /* Base */,
			);
			name = LaunchScreen.storyboard;
			sourceTree = "<group>";
		};
/* End PBXVariantGroup section */

/* Begin XCBuildConfiguration section */
		62C5D4D72524BE4C0081E571 /* Debug */ = {
			isa = XCBuildConfiguration;
			buildSettings = {
				ALWAYS_SEARCH_USER_PATHS = NO;
				CLANG_ANALYZER_NONNULL = YES;
				CLANG_ANALYZER_NUMBER_OBJECT_CONVERSION = YES_AGGRESSIVE;
				CLANG_CXX_LANGUAGE_STANDARD = "gnu++14";
				CLANG_CXX_LIBRARY = "libc++";
				CLANG_ENABLE_MODULES = YES;
				CLANG_ENABLE_OBJC_ARC = YES;
				CLANG_ENABLE_OBJC_WEAK = YES;
				CLANG_WARN_BLOCK_CAPTURE_AUTORELEASING = YES;
				CLANG_WARN_BOOL_CONVERSION = YES;
				CLANG_WARN_COMMA = YES;
				CLANG_WARN_CONSTANT_CONVERSION = YES;
				CLANG_WARN_DEPRECATED_OBJC_IMPLEMENTATIONS = YES;
				CLANG_WARN_DIRECT_OBJC_ISA_USAGE = YES_ERROR;
				CLANG_WARN_DOCUMENTATION_COMMENTS = YES;
				CLANG_WARN_EMPTY_BODY = YES;
				CLANG_WARN_ENUM_CONVERSION = YES;
				CLANG_WARN_INFINITE_RECURSION = YES;
				CLANG_WARN_INT_CONVERSION = YES;
				CLANG_WARN_NON_LITERAL_NULL_CONVERSION = YES;
				CLANG_WARN_OBJC_IMPLICIT_RETAIN_SELF = YES;
				CLANG_WARN_OBJC_LITERAL_CONVERSION = YES;
				CLANG_WARN_OBJC_ROOT_CLASS = YES_ERROR;
				CLANG_WARN_QUOTED_INCLUDE_IN_FRAMEWORK_HEADER = YES;
				CLANG_WARN_RANGE_LOOP_ANALYSIS = YES;
				CLANG_WARN_STRICT_PROTOTYPES = YES;
				CLANG_WARN_SUSPICIOUS_MOVE = YES;
				CLANG_WARN_UNGUARDED_AVAILABILITY = YES_AGGRESSIVE;
				CLANG_WARN_UNREACHABLE_CODE = YES;
				CLANG_WARN__DUPLICATE_METHOD_MATCH = YES;
				COPY_PHASE_STRIP = NO;
				DEBUG_INFORMATION_FORMAT = dwarf;
				ENABLE_STRICT_OBJC_MSGSEND = YES;
				ENABLE_TESTABILITY = YES;
				GCC_C_LANGUAGE_STANDARD = gnu11;
				GCC_DYNAMIC_NO_PIC = NO;
				GCC_NO_COMMON_BLOCKS = YES;
				GCC_OPTIMIZATION_LEVEL = 0;
				GCC_PREPROCESSOR_DEFINITIONS = (
					"DEBUG=1",
					"$(inherited)",
				);
				GCC_WARN_64_TO_32_BIT_CONVERSION = YES;
				GCC_WARN_ABOUT_RETURN_TYPE = YES_ERROR;
				GCC_WARN_UNDECLARED_SELECTOR = YES;
				GCC_WARN_UNINITIALIZED_AUTOS = YES_AGGRESSIVE;
				GCC_WARN_UNUSED_FUNCTION = YES;
				GCC_WARN_UNUSED_VARIABLE = YES;
				IPHONEOS_DEPLOYMENT_TARGET = 13.0;
				MTL_ENABLE_DEBUG_INFO = INCLUDE_SOURCE;
				MTL_FAST_MATH = YES;
				ONLY_ACTIVE_ARCH = YES;
				SDKROOT = iphoneos;
				SWIFT_ACTIVE_COMPILATION_CONDITIONS = DEBUG;
				SWIFT_OPTIMIZATION_LEVEL = "-Onone";
			};
			name = Debug;
		};
		62C5D4D82524BE4C0081E571 /* Release */ = {
			isa = XCBuildConfiguration;
			buildSettings = {
				ALWAYS_SEARCH_USER_PATHS = NO;
				CLANG_ANALYZER_NONNULL = YES;
				CLANG_ANALYZER_NUMBER_OBJECT_CONVERSION = YES_AGGRESSIVE;
				CLANG_CXX_LANGUAGE_STANDARD = "gnu++14";
				CLANG_CXX_LIBRARY = "libc++";
				CLANG_ENABLE_MODULES = YES;
				CLANG_ENABLE_OBJC_ARC = YES;
				CLANG_ENABLE_OBJC_WEAK = YES;
				CLANG_WARN_BLOCK_CAPTURE_AUTORELEASING = YES;
				CLANG_WARN_BOOL_CONVERSION = YES;
				CLANG_WARN_COMMA = YES;
				CLANG_WARN_CONSTANT_CONVERSION = YES;
				CLANG_WARN_DEPRECATED_OBJC_IMPLEMENTATIONS = YES;
				CLANG_WARN_DIRECT_OBJC_ISA_USAGE = YES_ERROR;
				CLANG_WARN_DOCUMENTATION_COMMENTS = YES;
				CLANG_WARN_EMPTY_BODY = YES;
				CLANG_WARN_ENUM_CONVERSION = YES;
				CLANG_WARN_INFINITE_RECURSION = YES;
				CLANG_WARN_INT_CONVERSION = YES;
				CLANG_WARN_NON_LITERAL_NULL_CONVERSION = YES;
				CLANG_WARN_OBJC_IMPLICIT_RETAIN_SELF = YES;
				CLANG_WARN_OBJC_LITERAL_CONVERSION = YES;
				CLANG_WARN_OBJC_ROOT_CLASS = YES_ERROR;
				CLANG_WARN_QUOTED_INCLUDE_IN_FRAMEWORK_HEADER = YES;
				CLANG_WARN_RANGE_LOOP_ANALYSIS = YES;
				CLANG_WARN_STRICT_PROTOTYPES = YES;
				CLANG_WARN_SUSPICIOUS_MOVE = YES;
				CLANG_WARN_UNGUARDED_AVAILABILITY = YES_AGGRESSIVE;
				CLANG_WARN_UNREACHABLE_CODE = YES;
				CLANG_WARN__DUPLICATE_METHOD_MATCH = YES;
				COPY_PHASE_STRIP = NO;
				DEBUG_INFORMATION_FORMAT = "dwarf-with-dsym";
				ENABLE_NS_ASSERTIONS = NO;
				ENABLE_STRICT_OBJC_MSGSEND = YES;
				GCC_C_LANGUAGE_STANDARD = gnu11;
				GCC_NO_COMMON_BLOCKS = YES;
				GCC_WARN_64_TO_32_BIT_CONVERSION = YES;
				GCC_WARN_ABOUT_RETURN_TYPE = YES_ERROR;
				GCC_WARN_UNDECLARED_SELECTOR = YES;
				GCC_WARN_UNINITIALIZED_AUTOS = YES_AGGRESSIVE;
				GCC_WARN_UNUSED_FUNCTION = YES;
				GCC_WARN_UNUSED_VARIABLE = YES;
				IPHONEOS_DEPLOYMENT_TARGET = 13.0;
				MTL_ENABLE_DEBUG_INFO = NO;
				MTL_FAST_MATH = YES;
				SDKROOT = iphoneos;
				SWIFT_COMPILATION_MODE = wholemodule;
				SWIFT_OPTIMIZATION_LEVEL = "-O";
				VALIDATE_PRODUCT = YES;
			};
			name = Release;
		};
		62C5D4DA2524BE4C0081E571 /* Debug */ = {
			isa = XCBuildConfiguration;
			baseConfigurationReference = FFD5057E44E33FA498E6C95B /* Pods-FCJ.debug.xcconfig */;
			buildSettings = {
				ASSETCATALOG_COMPILER_APPICON_NAME = AppIcon;
				ASSETCATALOG_COMPILER_GLOBAL_ACCENT_COLOR_NAME = AccentColor;
				CODE_SIGN_STYLE = Automatic;
				DEVELOPMENT_TEAM = 7CE5X7AHK6;
				INFOPLIST_FILE = FCJ/Info.plist;
				IPHONEOS_DEPLOYMENT_TARGET = 13.0;
				LD_RUNPATH_SEARCH_PATHS = (
					"$(inherited)",
					"@executable_path/Frameworks",
				);
				PRODUCT_BUNDLE_IDENTIFIER = com.thenikolic.FCJ;
				PRODUCT_NAME = "$(TARGET_NAME)";
				SWIFT_VERSION = 5.0;
				TARGETED_DEVICE_FAMILY = 1;
			};
			name = Debug;
		};
		62C5D4DB2524BE4C0081E571 /* Release */ = {
			isa = XCBuildConfiguration;
			baseConfigurationReference = 27C24ACD6F983AA820F99D25 /* Pods-FCJ.release.xcconfig */;
			buildSettings = {
				ASSETCATALOG_COMPILER_APPICON_NAME = AppIcon;
				ASSETCATALOG_COMPILER_GLOBAL_ACCENT_COLOR_NAME = AccentColor;
				CODE_SIGN_STYLE = Automatic;
				DEVELOPMENT_TEAM = 7CE5X7AHK6;
				INFOPLIST_FILE = FCJ/Info.plist;
				IPHONEOS_DEPLOYMENT_TARGET = 13.0;
				LD_RUNPATH_SEARCH_PATHS = (
					"$(inherited)",
					"@executable_path/Frameworks",
				);
				PRODUCT_BUNDLE_IDENTIFIER = com.thenikolic.FCJ;
				PRODUCT_NAME = "$(TARGET_NAME)";
				SWIFT_VERSION = 5.0;
				TARGETED_DEVICE_FAMILY = 1;
			};
			name = Release;
		};
		62C5D4DD2524BE4C0081E571 /* Debug */ = {
			isa = XCBuildConfiguration;
			baseConfigurationReference = 5AD990B7635D0403DCBA85EF /* Pods-FCJTests.debug.xcconfig */;
			buildSettings = {
				ALWAYS_EMBED_SWIFT_STANDARD_LIBRARIES = YES;
				BUNDLE_LOADER = "$(TEST_HOST)";
				CODE_SIGN_STYLE = Automatic;
				DEVELOPMENT_TEAM = 7CE5X7AHK6;
				INFOPLIST_FILE = FCJTests/Info.plist;
				IPHONEOS_DEPLOYMENT_TARGET = 14.0;
				LD_RUNPATH_SEARCH_PATHS = (
					"$(inherited)",
					"@executable_path/Frameworks",
					"@loader_path/Frameworks",
				);
				PRODUCT_BUNDLE_IDENTIFIER = com.thenikolic.FCJTests;
				PRODUCT_NAME = "$(TARGET_NAME)";
				SWIFT_VERSION = 5.0;
				TARGETED_DEVICE_FAMILY = "1,2";
				TEST_HOST = "$(BUILT_PRODUCTS_DIR)/FCJ.app/FCJ";
			};
			name = Debug;
		};
		62C5D4DE2524BE4C0081E571 /* Release */ = {
			isa = XCBuildConfiguration;
			baseConfigurationReference = 6E37A69B234613544507D65E /* Pods-FCJTests.release.xcconfig */;
			buildSettings = {
				ALWAYS_EMBED_SWIFT_STANDARD_LIBRARIES = YES;
				BUNDLE_LOADER = "$(TEST_HOST)";
				CODE_SIGN_STYLE = Automatic;
				DEVELOPMENT_TEAM = 7CE5X7AHK6;
				INFOPLIST_FILE = FCJTests/Info.plist;
				IPHONEOS_DEPLOYMENT_TARGET = 14.0;
				LD_RUNPATH_SEARCH_PATHS = (
					"$(inherited)",
					"@executable_path/Frameworks",
					"@loader_path/Frameworks",
				);
				PRODUCT_BUNDLE_IDENTIFIER = com.thenikolic.FCJTests;
				PRODUCT_NAME = "$(TARGET_NAME)";
				SWIFT_VERSION = 5.0;
				TARGETED_DEVICE_FAMILY = "1,2";
				TEST_HOST = "$(BUILT_PRODUCTS_DIR)/FCJ.app/FCJ";
			};
			name = Release;
		};
		62C5D4E02524BE4C0081E571 /* Debug */ = {
			isa = XCBuildConfiguration;
			baseConfigurationReference = 6CE06DA1BB4C21B050E7651D /* Pods-FCJ-FCJUITests.debug.xcconfig */;
			buildSettings = {
				ALWAYS_EMBED_SWIFT_STANDARD_LIBRARIES = YES;
				CODE_SIGN_STYLE = Automatic;
				DEVELOPMENT_TEAM = 7CE5X7AHK6;
				INFOPLIST_FILE = FCJUITests/Info.plist;
				LD_RUNPATH_SEARCH_PATHS = (
					"$(inherited)",
					"@executable_path/Frameworks",
					"@loader_path/Frameworks",
				);
				PRODUCT_BUNDLE_IDENTIFIER = com.thenikolic.FCJUITests;
				PRODUCT_NAME = "$(TARGET_NAME)";
				SWIFT_VERSION = 5.0;
				TARGETED_DEVICE_FAMILY = "1,2";
				TEST_TARGET_NAME = FCJ;
			};
			name = Debug;
		};
		62C5D4E12524BE4C0081E571 /* Release */ = {
			isa = XCBuildConfiguration;
			baseConfigurationReference = B420F64EDBACF0D3E09318D0 /* Pods-FCJ-FCJUITests.release.xcconfig */;
			buildSettings = {
				ALWAYS_EMBED_SWIFT_STANDARD_LIBRARIES = YES;
				CODE_SIGN_STYLE = Automatic;
				DEVELOPMENT_TEAM = 7CE5X7AHK6;
				INFOPLIST_FILE = FCJUITests/Info.plist;
				LD_RUNPATH_SEARCH_PATHS = (
					"$(inherited)",
					"@executable_path/Frameworks",
					"@loader_path/Frameworks",
				);
				PRODUCT_BUNDLE_IDENTIFIER = com.thenikolic.FCJUITests;
				PRODUCT_NAME = "$(TARGET_NAME)";
				SWIFT_VERSION = 5.0;
				TARGETED_DEVICE_FAMILY = "1,2";
				TEST_TARGET_NAME = FCJ;
			};
			name = Release;
		};
/* End XCBuildConfiguration section */

/* Begin XCConfigurationList section */
		62C5D4AA2524BE4A0081E571 /* Build configuration list for PBXProject "FCJ" */ = {
			isa = XCConfigurationList;
			buildConfigurations = (
				62C5D4D72524BE4C0081E571 /* Debug */,
				62C5D4D82524BE4C0081E571 /* Release */,
			);
			defaultConfigurationIsVisible = 0;
			defaultConfigurationName = Release;
		};
		62C5D4D92524BE4C0081E571 /* Build configuration list for PBXNativeTarget "FCJ" */ = {
			isa = XCConfigurationList;
			buildConfigurations = (
				62C5D4DA2524BE4C0081E571 /* Debug */,
				62C5D4DB2524BE4C0081E571 /* Release */,
			);
			defaultConfigurationIsVisible = 0;
			defaultConfigurationName = Release;
		};
		62C5D4DC2524BE4C0081E571 /* Build configuration list for PBXNativeTarget "FCJTests" */ = {
			isa = XCConfigurationList;
			buildConfigurations = (
				62C5D4DD2524BE4C0081E571 /* Debug */,
				62C5D4DE2524BE4C0081E571 /* Release */,
			);
			defaultConfigurationIsVisible = 0;
			defaultConfigurationName = Release;
		};
		62C5D4DF2524BE4C0081E571 /* Build configuration list for PBXNativeTarget "FCJUITests" */ = {
			isa = XCConfigurationList;
			buildConfigurations = (
				62C5D4E02524BE4C0081E571 /* Debug */,
				62C5D4E12524BE4C0081E571 /* Release */,
			);
			defaultConfigurationIsVisible = 0;
			defaultConfigurationName = Release;
		};
/* End XCConfigurationList section */
	};
	rootObject = 62C5D4A72524BE4A0081E571 /* Project object */;
}
